
Microsoft Visual Studio Solution File, Format Version 12.00
# Visual Studio Version 17
VisualStudioVersion = 17.0.31919.166
MinimumVisualStudioVersion = 10.0.40219.1
Project("{9A19103F-16F7-4668-BE54-9A1E7A4F7556}") = "AdventOfCode", "AdventOfCode.csproj", "{484E774B-D61C-47DB-920C-A48CEDF20DA1}"
EndProject
Global
	GlobalSection(SolutionConfigurationPlatforms) = preSolution
		Debug|Any CPU = Debug|Any CPU
		PRINT|Any CPU = PRINT|Any CPU
		PRINT-TEST|Any CPU = PRINT-TEST|Any CPU
		Release|Any CPU = Release|Any CPU
		TEST|Any CPU = TEST|Any CPU
	EndGlobalSection
	GlobalSection(ProjectConfigurationPlatforms) = postSolution
		{484E774B-D61C-47DB-920C-A48CEDF20DA1}.Debug|Any CPU.ActiveCfg = Debug|Any CPU
		{484E774B-D61C-47DB-920C-A48CEDF20DA1}.Debug|Any CPU.Build.0 = Debug|Any CPU
		{484E774B-D61C-47DB-920C-A48CEDF20DA1}.PRINT|Any CPU.ActiveCfg = PRINT|Any CPU
		{484E774B-D61C-47DB-920C-A48CEDF20DA1}.PRINT|Any CPU.Build.0 = PRINT|Any CPU
		{484E774B-D61C-47DB-920C-A48CEDF20DA1}.PRINT-TEST|Any CPU.ActiveCfg = PRINT-TEST|Any CPU
		{484E774B-D61C-47DB-920C-A48CEDF20DA1}.PRINT-TEST|Any CPU.Build.0 = PRINT-TEST|Any CPU
		{484E774B-D61C-47DB-920C-A48CEDF20DA1}.Release|Any CPU.ActiveCfg = Release|Any CPU
		{484E774B-D61C-47DB-920C-A48CEDF20DA1}.Release|Any CPU.Build.0 = Release|Any CPU
		{484E774B-D61C-47DB-920C-A48CEDF20DA1}.TEST|Any CPU.ActiveCfg = TEST|Any CPU
		{484E774B-D61C-47DB-920C-A48CEDF20DA1}.TEST|Any CPU.Build.0 = TEST|Any CPU
	EndGlobalSection
	GlobalSection(SolutionProperties) = preSolution
		HideSolutionNode = FALSE
	EndGlobalSection
	GlobalSection(ExtensibilityGlobals) = postSolution
		SolutionGuid = {7D122878-F739-4121-8552-2BD1D2CC98A4}
	EndGlobalSection
EndGlobal
